
Microsoft Visual Studio Solution File, Format Version 12.00
# Visual Studio Version 17
VisualStudioVersion = 17.7.34024.191
MinimumVisualStudioVersion = 10.0.40219.1
Project("{FAE04EC0-301F-11D3-BF4B-00C04F79EFBC}") = "13.If_statement_2", "13.If_statement_2\13.If_statement_2.csproj", "{9A5679B2-36B1-46A4-ABB5-E9165FC4A864}"
EndProject
Global
	GlobalSection(SolutionConfigurationPlatforms) = preSolution
		Debug|Any CPU = Debug|Any CPU
		Release|Any CPU = Release|Any CPU
	EndGlobalSection
	GlobalSection(ProjectConfigurationPlatforms) = postSolution
		{9A5679B2-36B1-46A4-ABB5-E9165FC4A864}.Debug|Any CPU.ActiveCfg = Debug|Any CPU
		{9A5679B2-36B1-46A4-ABB5-E9165FC4A864}.Debug|Any CPU.Build.0 = Debug|Any CPU
		{9A5679B2-36B1-46A4-ABB5-E9165FC4A864}.Release|Any CPU.ActiveCfg = Release|Any CPU
		{9A5679B2-36B1-46A4-ABB5-E9165FC4A864}.Release|Any CPU.Build.0 = Release|Any CPU
	EndGlobalSection
	GlobalSection(SolutionProperties) = preSolution
		HideSolutionNode = FALSE
	EndGlobalSection
	GlobalSection(ExtensibilityGlobals) = postSolution
		SolutionGuid = {DD0A2FCE-E191-4084-BEE7-4CB1F3EF46AE}
	EndGlobalSection
EndGlobal
